
Microsoft Visual Studio Solution File, Format Version 12.00
# Visual Studio Version 17
VisualStudioVersion = 17.2.32602.215
MinimumVisualStudioVersion = 10.0.40219.1
Project("{FAE04EC0-301F-11D3-BF4B-00C04F79EFBC}") = "CalculatorProgram", "CalculatorProgram.csproj", "{67205D2F-551B-4DED-B30F-E81410F9F969}"
EndProject
Project("{FAE04EC0-301F-11D3-BF4B-00C04F79EFBC}") = "CalculatorProgram.Tests", "..\CalculatorProgram.Tests\CalculatorProgram.Tests.csproj", "{B39F0775-C2A8-4876-B2AC-4D64C1176B65}"
EndProject
Global
	GlobalSection(SolutionConfigurationPlatforms) = preSolution
		Debug|Any CPU = Debug|Any CPU
		Release|Any CPU = Release|Any CPU
	EndGlobalSection
	GlobalSection(ProjectConfigurationPlatforms) = postSolution
		{67205D2F-551B-4DED-B30F-E81410F9F969}.Debug|Any CPU.ActiveCfg = Debug|Any CPU
		{67205D2F-551B-4DED-B30F-E81410F9F969}.Debug|Any CPU.Build.0 = Debug|Any CPU
		{67205D2F-551B-4DED-B30F-E81410F9F969}.Release|Any CPU.ActiveCfg = Release|Any CPU
		{67205D2F-551B-4DED-B30F-E81410F9F969}.Release|Any CPU.Build.0 = Release|Any CPU
		{B39F0775-C2A8-4876-B2AC-4D64C1176B65}.Debug|Any CPU.ActiveCfg = Debug|Any CPU
		{B39F0775-C2A8-4876-B2AC-4D64C1176B65}.Debug|Any CPU.Build.0 = Debug|Any CPU
		{B39F0775-C2A8-4876-B2AC-4D64C1176B65}.Release|Any CPU.ActiveCfg = Release|Any CPU
		{B39F0775-C2A8-4876-B2AC-4D64C1176B65}.Release|Any CPU.Build.0 = Release|Any CPU
	EndGlobalSection
	GlobalSection(SolutionProperties) = preSolution
		HideSolutionNode = FALSE
	EndGlobalSection
	GlobalSection(ExtensibilityGlobals) = postSolution
		SolutionGuid = {02D148A3-1484-4C35-B884-FC5CFC12B61D}
	EndGlobalSection
EndGlobal
